
Microsoft Visual Studio Solution File, Format Version 12.00
# Visual Studio Version 16
VisualStudioVersion = 16.0.30717.126
MinimumVisualStudioVersion = 10.0.40219.1
Project("{9A19103F-16F7-4668-BE54-9A1E7A4F7556}") = "API", "API\API.csproj", "{6367B024-0262-496A-A410-EE430FE61C4C}"
EndProject
Project("{2150E333-8FDC-42A3-9474-1A3956D46DE8}") = "Solution Items", "Solution Items", "{5422D8DE-3883-4585-B8CC-0B5376755716}"
	ProjectSection(SolutionItems) = preProject
		.gitignore = .gitignore
	EndProjectSection
EndProject
Global
	GlobalSection(SolutionConfigurationPlatforms) = preSolution
		Debug|Any CPU = Debug|Any CPU
		Release|Any CPU = Release|Any CPU
	EndGlobalSection
	GlobalSection(ProjectConfigurationPlatforms) = postSolution
		{6367B024-0262-496A-A410-EE430FE61C4C}.Debug|Any CPU.ActiveCfg = Debug|Any CPU
		{6367B024-0262-496A-A410-EE430FE61C4C}.Debug|Any CPU.Build.0 = Debug|Any CPU
		{6367B024-0262-496A-A410-EE430FE61C4C}.Release|Any CPU.ActiveCfg = Release|Any CPU
		{6367B024-0262-496A-A410-EE430FE61C4C}.Release|Any CPU.Build.0 = Release|Any CPU
	EndGlobalSection
	GlobalSection(SolutionProperties) = preSolution
		HideSolutionNode = FALSE
	EndGlobalSection
	GlobalSection(ExtensibilityGlobals) = postSolution
		SolutionGuid = {95303962-E283-4C86-B227-86C5981750ED}
	EndGlobalSection
EndGlobal
